
Microsoft Visual Studio Solution File, Format Version 12.00
# Visual Studio 14
VisualStudioVersion = 14.0.25420.1
MinimumVisualStudioVersion = 10.0.40219.1
Project("{F2A71F9B-5D33-465A-A702-920D77279786}") = "SplitMix", "SplitMix\SplitMix.fsproj", "{97848E08-62B7-4DE6-AAC9-636383A91B5B}"
EndProject
Project("{F2A71F9B-5D33-465A-A702-920D77279786}") = "SplitMix.Tests", "SplitMix.Tests\SplitMix.Tests.fsproj", "{77AA5E85-080C-471D-AB7C-8B7AC4C3B61A}"
EndProject
Global
	GlobalSection(SolutionConfigurationPlatforms) = preSolution
		Debug|Any CPU = Debug|Any CPU
		Release|Any CPU = Release|Any CPU
	EndGlobalSection
	GlobalSection(ProjectConfigurationPlatforms) = postSolution
		{97848E08-62B7-4DE6-AAC9-636383A91B5B}.Debug|Any CPU.ActiveCfg = Debug|Any CPU
		{97848E08-62B7-4DE6-AAC9-636383A91B5B}.Debug|Any CPU.Build.0 = Debug|Any CPU
		{97848E08-62B7-4DE6-AAC9-636383A91B5B}.Release|Any CPU.ActiveCfg = Release|Any CPU
		{97848E08-62B7-4DE6-AAC9-636383A91B5B}.Release|Any CPU.Build.0 = Release|Any CPU
		{77AA5E85-080C-471D-AB7C-8B7AC4C3B61A}.Debug|Any CPU.ActiveCfg = Debug|Any CPU
		{77AA5E85-080C-471D-AB7C-8B7AC4C3B61A}.Debug|Any CPU.Build.0 = Debug|Any CPU
		{77AA5E85-080C-471D-AB7C-8B7AC4C3B61A}.Release|Any CPU.ActiveCfg = Release|Any CPU
		{77AA5E85-080C-471D-AB7C-8B7AC4C3B61A}.Release|Any CPU.Build.0 = Release|Any CPU
	EndGlobalSection
	GlobalSection(SolutionProperties) = preSolution
		HideSolutionNode = FALSE
	EndGlobalSection
EndGlobal
